// !$*UTF8*$!
{
	archiveVersion = 1;
	classes = {
	};
	objectVersion = 50;
	objects = {

/* Begin PBXBuildFile section */
		1853BAFA267A95D800C3369F /* AppDelegate.swift in Sources */ = {isa = PBXBuildFile; fileRef = 1853BAF9267A95D800C3369F /* AppDelegate.swift */; };
		1853BAFC267A95D800C3369F /* SceneDelegate.swift in Sources */ = {isa = PBXBuildFile; fileRef = 1853BAFB267A95D800C3369F /* SceneDelegate.swift */; };
		1853BAFE267A95D800C3369F /* TodoViewController.swift in Sources */ = {isa = PBXBuildFile; fileRef = 1853BAFD267A95D800C3369F /* TodoViewController.swift */; };
		1853BB01267A95D800C3369F /* Main.storyboard in Resources */ = {isa = PBXBuildFile; fileRef = 1853BAFF267A95D800C3369F /* Main.storyboard */; };
		1853BB03267A95DB00C3369F /* Assets.xcassets in Resources */ = {isa = PBXBuildFile; fileRef = 1853BB02267A95DB00C3369F /* Assets.xcassets */; };
		1853BB06267A95DB00C3369F /* LaunchScreen.storyboard in Resources */ = {isa = PBXBuildFile; fileRef = 1853BB04267A95DB00C3369F /* LaunchScreen.storyboard */; };
		1853BB0F267AAED900C3369F /* ItemModel.swift in Sources */ = {isa = PBXBuildFile; fileRef = 1853BB0E267AAED900C3369F /* ItemModel.swift */; };
/* End PBXBuildFile section */

/* Begin PBXFileReference section */
		1853BAF6267A95D800C3369F /* ClassicTodo.app */ = {isa = PBXFileReference; explicitFileType = wrapper.application; includeInIndex = 0; path = ClassicTodo.app; sourceTree = BUILT_PRODUCTS_DIR; };
		1853BAF9267A95D800C3369F /* AppDelegate.swift */ = {isa = PBXFileReference; lastKnownFileType = sourcecode.swift; path = AppDelegate.swift; sourceTree = "<group>"; };
		1853BAFB267A95D800C3369F /* SceneDelegate.swift */ = {isa = PBXFileReference; lastKnownFileType = sourcecode.swift; path = SceneDelegate.swift; sourceTree = "<group>"; };
		1853BAFD267A95D800C3369F /* TodoViewController.swift */ = {isa = PBXFileReference; lastKnownFileType = sourcecode.swift; path = TodoViewController.swift; sourceTree = "<group>"; };
		1853BB00267A95D800C3369F /* Base */ = {isa = PBXFileReference; lastKnownFileType = file.storyboard; name = Base; path = Base.lproj/Main.storyboard; sourceTree = "<group>"; };
		1853BB02267A95DB00C3369F /* Assets.xcassets */ = {isa = PBXFileReference; lastKnownFileType = folder.assetcatalog; path = Assets.xcassets; sourceTree = "<group>"; };
		1853BB05267A95DB00C3369F /* Base */ = {isa = PBXFileReference; lastKnownFileType = file.storyboard; name = Base; path = Base.lproj/LaunchScreen.storyboard; sourceTree = "<group>"; };
		1853BB07267A95DB00C3369F /* Info.plist */ = {isa = PBXFileReference; lastKnownFileType = text.plist.xml; path = Info.plist; sourceTree = "<group>"; };
		1853BB0E267AAED900C3369F /* ItemModel.swift */ = {isa = PBXFileReference; lastKnownFileType = sourcecode.swift; path = ItemModel.swift; sourceTree = "<group>"; };
/* End PBXFileReference section */

/* Begin PBXFrameworksBuildPhase section */
		1853BAF3267A95D800C3369F /* Frameworks */ = {
			isa = PBXFrameworksBuildPhase;
			buildActionMask = 2147483647;
			files = (
			);
			runOnlyForDeploymentPostprocessing = 0;
		};
/* End PBXFrameworksBuildPhase section */

/* Begin PBXGroup section */
		1853BAED267A95D800C3369F = {
			isa = PBXGroup;
			children = (
				1853BAF8267A95D800C3369F /* ClassicTodo */,
				1853BAF7267A95D800C3369F /* Products */,
			);
			sourceTree = "<group>";
		};
		1853BAF7267A95D800C3369F /* Products */ = {
			isa = PBXGroup;
			children = (
				1853BAF6267A95D800C3369F /* ClassicTodo.app */,
			);
			name = Products;
			sourceTree = "<group>";
		};
		1853BAF8267A95D800C3369F /* ClassicTodo */ = {
			isa = PBXGroup;
			children = (
				1853BB0D267AAEC000C3369F /* Model */,
				1853BB11267AB1E700C3369F /* Delegates */,
				1853BB10267AB1CB00C3369F /* Controller */,
				1853BAFF267A95D800C3369F /* Main.storyboard */,
				1853BB02267A95DB00C3369F /* Assets.xcassets */,
				1853BB04267A95DB00C3369F /* LaunchScreen.storyboard */,
				1853BB07267A95DB00C3369F /* Info.plist */,
			);
			path = ClassicTodo;
			sourceTree = "<group>";
		};
		1853BB0D267AAEC000C3369F /* Model */ = {
			isa = PBXGroup;
			children = (
				1853BB0E267AAED900C3369F /* ItemModel.swift */,
			);
			path = Model;
			sourceTree = "<group>";
		};
		1853BB10267AB1CB00C3369F /* Controller */ = {
			isa = PBXGroup;
			children = (
				1853BAFD267A95D800C3369F /* TodoViewController.swift */,
			);
			path = Controller;
			sourceTree = "<group>";
		};
		1853BB11267AB1E700C3369F /* Delegates */ = {
			isa = PBXGroup;
			children = (
				1853BAF9267A95D800C3369F /* AppDelegate.swift */,
				1853BAFB267A95D800C3369F /* SceneDelegate.swift */,
			);
			path = Delegates;
			sourceTree = "<group>";
		};
/* End PBXGroup section */

/* Begin PBXNativeTarget section */
		1853BAF5267A95D800C3369F /* ClassicTodo */ = {
			isa = PBXNativeTarget;
			buildConfigurationList = 1853BB0A267A95DB00C3369F /* Build configuration list for PBXNativeTarget "ClassicTodo" */;
			buildPhases = (
				1853BAF2267A95D800C3369F /* Sources */,
				1853BAF3267A95D800C3369F /* Frameworks */,
				1853BAF4267A95D800C3369F /* Resources */,
			);
			buildRules = (
			);
			dependencies = (
			);
			name = ClassicTodo;
			productName = ClassicTodo;
			productReference = 1853BAF6267A95D800C3369F /* ClassicTodo.app */;
			productType = "com.apple.product-type.application";
		};
/* End PBXNativeTarget section */

/* Begin PBXProject section */
		1853BAEE267A95D800C3369F /* Project object */ = {
			isa = PBXProject;
			attributes = {
				LastSwiftUpdateCheck = 1250;
				LastUpgradeCheck = 1250;
				TargetAttributes = {
					1853BAF5267A95D800C3369F = {
						CreatedOnToolsVersion = 12.5;
					};
				};
			};
			buildConfigurationList = 1853BAF1267A95D800C3369F /* Build configuration list for PBXProject "ClassicTodo" */;
			compatibilityVersion = "Xcode 9.3";
			developmentRegion = en;
			hasScannedForEncodings = 0;
			knownRegions = (
				en,
				Base,
			);
			mainGroup = 1853BAED267A95D800C3369F;
			productRefGroup = 1853BAF7267A95D800C3369F /* Products */;
			projectDirPath = "";
			projectRoot = "";
			targets = (
				1853BAF5267A95D800C3369F /* ClassicTodo */,
			);
		};
/* End PBXProject section */

/* Begin PBXResourcesBuildPhase section */
		1853BAF4267A95D800C3369F /* Resources */ = {
			isa = PBXResourcesBuildPhase;
			buildActionMask = 2147483647;
			files = (
				1853BB06267A95DB00C3369F /* LaunchScreen.storyboard in Resources */,
				1853BB03267A95DB00C3369F /* Assets.xcassets in Resources */,
				1853BB01267A95D800C3369F /* Main.storyboard in Resources */,
			);
			runOnlyForDeploymentPostprocessing = 0;
		};
/* End PBXResourcesBuildPhase section */

/* Begin PBXSourcesBuildPhase section */
		1853BAF2267A95D800C3369F /* Sources */ = {
			isa = PBXSourcesBuildPhase;
			buildActionMask = 2147483647;
			files = (
				1853BAFE267A95D800C3369F /* TodoViewController.swift in Sources */,
				1853BAFA267A95D800C3369F /* AppDelegate.swift in Sources */,
				1853BB0F267AAED900C3369F /* ItemModel.swift in Sources */,
				1853BAFC267A95D800C3369F /* SceneDelegate.swift in Sources */,
			);
			runOnlyForDeploymentPostprocessing = 0;
		};
/* End PBXSourcesBuildPhase section */

/* Begin PBXVariantGroup section */
		1853BAFF267A95D800C3369F /* Main.storyboard */ = {
			isa = PBXVariantGroup;
			children = (
				1853BB00267A95D800C3369F /* Base */,
			);
			name = Main.storyboard;
			sourceTree = "<group>";
		};
		1853BB04267A95DB00C3369F /* LaunchScreen.storyboard */ = {
			isa = PBXVariantGroup;
			children = (
				1853BB05267A95DB00C3369F /* Base */,
			);
			name = LaunchScreen.storyboard;
			sourceTree = "<group>";
		};
/* End PBXVariantGroup section */

/* Begin XCBuildConfiguration section */
		1853BB08267A95DB00C3369F /* Debug */ = {
			isa = XCBuildConfiguration;
			buildSettings = {
				ALWAYS_SEARCH_USER_PATHS = NO;
				CLANG_ANALYZER_NONNULL = YES;
				CLANG_ANALYZER_NUMBER_OBJECT_CONVERSION = YES_AGGRESSIVE;
				CLANG_CXX_LANGUAGE_STANDARD = "gnu++14";
				CLANG_CXX_LIBRARY = "libc++";
				CLANG_ENABLE_MODULES = YES;
				CLANG_ENABLE_OBJC_ARC = YES;
				CLANG_ENABLE_OBJC_WEAK = YES;
				CLANG_WARN_BLOCK_CAPTURE_AUTORELEASING = YES;
				CLANG_WARN_BOOL_CONVERSION = YES;
				CLANG_WARN_COMMA = YES;
				CLANG_WARN_CONSTANT_CONVERSION = YES;
				CLANG_WARN_DEPRECATED_OBJC_IMPLEMENTATIONS = YES;
				CLANG_WARN_DIRECT_OBJC_ISA_USAGE = YES_ERROR;
				CLANG_WARN_DOCUMENTATION_COMMENTS = YES;
				CLANG_WARN_EMPTY_BODY = YES;
				CLANG_WARN_ENUM_CONVERSION = YES;
				CLANG_WARN_INFINITE_RECURSION = YES;
				CLANG_WARN_INT_CONVERSION = YES;
				CLANG_WARN_NON_LITERAL_NULL_CONVERSION = YES;
				CLANG_WARN_OBJC_IMPLICIT_RETAIN_SELF = YES;
				CLANG_WARN_OBJC_LITERAL_CONVERSION = YES;
				CLANG_WARN_OBJC_ROOT_CLASS = YES_ERROR;
				CLANG_WARN_QUOTED_INCLUDE_IN_FRAMEWORK_HEADER = YES;
				CLANG_WARN_RANGE_LOOP_ANALYSIS = YES;
				CLANG_WARN_STRICT_PROTOTYPES = YES;
				CLANG_WARN_SUSPICIOUS_MOVE = YES;
				CLANG_WARN_UNGUARDED_AVAILABILITY = YES_AGGRESSIVE;
				CLANG_WARN_UNREACHABLE_CODE = YES;
				CLANG_WARN__DUPLICATE_METHOD_MATCH = YES;
				COPY_PHASE_STRIP = NO;
				DEBUG_INFORMATION_FORMAT = dwarf;
				ENABLE_STRICT_OBJC_MSGSEND = YES;
				ENABLE_TESTABILITY = YES;
				GCC_C_LANGUAGE_STANDARD = gnu11;
				GCC_DYNAMIC_NO_PIC = NO;
				GCC_NO_COMMON_BLOCKS = YES;
				GCC_OPTIMIZATION_LEVEL = 0;
				GCC_PREPROCESSOR_DEFINITIONS = (
					"DEBUG=1",
					"$(inherited)",
				);
				GCC_WARN_64_TO_32_BIT_CONVERSION = YES;
				GCC_WARN_ABOUT_RETURN_TYPE = YES_ERROR;
				GCC_WARN_UNDECLARED_SELECTOR = YES;
				GCC_WARN_UNINITIALIZED_AUTOS = YES_AGGRESSIVE;
				GCC_WARN_UNUSED_FUNCTION = YES;
				GCC_WARN_UNUSED_VARIABLE = YES;
				IPHONEOS_DEPLOYMENT_TARGET = 14.5;
				MTL_ENABLE_DEBUG_INFO = INCLUDE_SOURCE;
				MTL_FAST_MATH = YES;
				ONLY_ACTIVE_ARCH = YES;
				SDKROOT = iphoneos;
				SWIFT_ACTIVE_COMPILATION_CONDITIONS = DEBUG;
				SWIFT_OPTIMIZATION_LEVEL = "-Onone";
			};
			name = Debug;
		};
		1853BB09267A95DB00C3369F /* Release */ = {
			isa = XCBuildConfiguration;
			buildSettings = {
				ALWAYS_SEARCH_USER_PATHS = NO;
				CLANG_ANALYZER_NONNULL = YES;
				CLANG_ANALYZER_NUMBER_OBJECT_CONVERSION = YES_AGGRESSIVE;
				CLANG_CXX_LANGUAGE_STANDARD = "gnu++14";
				CLANG_CXX_LIBRARY = "libc++";
				CLANG_ENABLE_MODULES = YES;
				CLANG_ENABLE_OBJC_ARC = YES;
				CLANG_ENABLE_OBJC_WEAK = YES;
				CLANG_WARN_BLOCK_CAPTURE_AUTORELEASING = YES;
				CLANG_WARN_BOOL_CONVERSION = YES;
				CLANG_WARN_COMMA = YES;
				CLANG_WARN_CONSTANT_CONVERSION = YES;
				CLANG_WARN_DEPRECATED_OBJC_IMPLEMENTATIONS = YES;
				CLANG_WARN_DIRECT_OBJC_ISA_USAGE = YES_ERROR;
				CLANG_WARN_DOCUMENTATION_COMMENTS = YES;
				CLANG_WARN_EMPTY_BODY = YES;
				CLANG_WARN_ENUM_CONVERSION = YES;
				CLANG_WARN_INFINITE_RECURSION = YES;
				CLANG_WARN_INT_CONVERSION = YES;
				CLANG_WARN_NON_LITERAL_NULL_CONVERSION = YES;
				CLANG_WARN_OBJC_IMPLICIT_RETAIN_SELF = YES;
				CLANG_WARN_OBJC_LITERAL_CONVERSION = YES;
				CLANG_WARN_OBJC_ROOT_CLASS = YES_ERROR;
				CLANG_WARN_QUOTED_INCLUDE_IN_FRAMEWORK_HEADER = YES;
				CLANG_WARN_RANGE_LOOP_ANALYSIS = YES;
				CLANG_WARN_STRICT_PROTOTYPES = YES;
				CLANG_WARN_SUSPICIOUS_MOVE = YES;
				CLANG_WARN_UNGUARDED_AVAILABILITY = YES_AGGRESSIVE;
				CLANG_WARN_UNREACHABLE_CODE = YES;
				CLANG_WARN__DUPLICATE_METHOD_MATCH = YES;
				COPY_PHASE_STRIP = NO;
				DEBUG_INFORMATION_FORMAT = "dwarf-with-dsym";
				ENABLE_NS_ASSERTIONS = NO;
				ENABLE_STRICT_OBJC_MSGSEND = YES;
				GCC_C_LANGUAGE_STANDARD = gnu11;
				GCC_NO_COMMON_BLOCKS = YES;
				GCC_WARN_64_TO_32_BIT_CONVERSION = YES;
				GCC_WARN_ABOUT_RETURN_TYPE = YES_ERROR;
				GCC_WARN_UNDECLARED_SELECTOR = YES;
				GCC_WARN_UNINITIALIZED_AUTOS = YES_AGGRESSIVE;
				GCC_WARN_UNUSED_FUNCTION = YES;
				GCC_WARN_UNUSED_VARIABLE = YES;
				IPHONEOS_DEPLOYMENT_TARGET = 14.5;
				MTL_ENABLE_DEBUG_INFO = NO;
				MTL_FAST_MATH = YES;
				SDKROOT = iphoneos;
				SWIFT_COMPILATION_MODE = wholemodule;
				SWIFT_OPTIMIZATION_LEVEL = "-O";
				VALIDATE_PRODUCT = YES;
			};
			name = Release;
		};
		1853BB0B267A95DB00C3369F /* Debug */ = {
			isa = XCBuildConfiguration;
			buildSettings = {
				ASSETCATALOG_COMPILER_APPICON_NAME = AppIcon;
				ASSETCATALOG_COMPILER_GLOBAL_ACCENT_COLOR_NAME = AccentColor;
				CODE_SIGN_STYLE = Automatic;
				INFOPLIST_FILE = ClassicTodo/Info.plist;
				LD_RUNPATH_SEARCH_PATHS = (
					"$(inherited)",
					"@executable_path/Frameworks",
				);
				PRODUCT_BUNDLE_IDENTIFIER = "Bright-Summit-Plc..ClassicTodo";
				PRODUCT_NAME = "$(TARGET_NAME)";
				SWIFT_VERSION = 5.0;
				TARGETED_DEVICE_FAMILY = "1,2";
			};
			name = Debug;
		};
		1853BB0C267A95DB00C3369F /* Release */ = {
			isa = XCBuildConfiguration;
			buildSettings = {
				ASSETCATALOG_COMPILER_APPICON_NAME = AppIcon;
				ASSETCATALOG_COMPILER_GLOBAL_ACCENT_COLOR_NAME = AccentColor;
				CODE_SIGN_STYLE = Automatic;
				INFOPLIST_FILE = ClassicTodo/Info.plist;
				LD_RUNPATH_SEARCH_PATHS = (
					"$(inherited)",
					"@executable_path/Frameworks",
				);
				PRODUCT_BUNDLE_IDENTIFIER = "Bright-Summit-Plc..ClassicTodo";
				PRODUCT_NAME = "$(TARGET_NAME)";
				SWIFT_VERSION = 5.0;
				TARGETED_DEVICE_FAMILY = "1,2";
			};
			name = Release;
		};
/* End XCBuildConfiguration section */

/* Begin XCConfigurationList section */
		1853BAF1267A95D800C3369F /* Build configuration list for PBXProject "ClassicTodo" */ = {
			isa = XCConfigurationList;
			buildConfigurations = (
				1853BB08267A95DB00C3369F /* Debug */,
				1853BB09267A95DB00C3369F /* Release */,
			);
			defaultConfigurationIsVisible = 0;
			defaultConfigurationName = Release;
		};
		1853BB0A267A95DB00C3369F /* Build configuration list for PBXNativeTarget "ClassicTodo" */ = {
			isa = XCConfigurationList;
			buildConfigurations = (
				1853BB0B267A95DB00C3369F /* Debug */,
				1853BB0C267A95DB00C3369F /* Release */,
			);
			defaultConfigurationIsVisible = 0;
			defaultConfigurationName = Release;
		};
/* End XCConfigurationList section */
	};
	rootObject = 1853BAEE267A95D800C3369F /* Project object */;
}
